
Microsoft Visual Studio Solution File, Format Version 12.00
# Visual Studio Version 17
VisualStudioVersion = 17.3.32922.545
MinimumVisualStudioVersion = 10.0.40219.1
Project("{9A19103F-16F7-4668-BE54-9A1E7A4F7556}") = "BlzAppAzurePl.Client", "BlzAppAzurePl.Client\BlzAppAzurePl.Client.csproj", "{0EF69F36-1548-48E5-8E57-D387794C4349}"
EndProject
Project("{FAE04EC0-301F-11D3-BF4B-00C04F79EFBC}") = "BlzAppAzurePl.Client.Test", "BlzAppAzurePl.Client.Test\BlzAppAzurePl.Client.Test.csproj", "{3F725F9A-1EA5-4CFA-AC00-EE2DB419F557}"
EndProject
Global
	GlobalSection(SolutionConfigurationPlatforms) = preSolution
		Debug|Any CPU = Debug|Any CPU
		Release|Any CPU = Release|Any CPU
	EndGlobalSection
	GlobalSection(ProjectConfigurationPlatforms) = postSolution
		{0EF69F36-1548-48E5-8E57-D387794C4349}.Debug|Any CPU.ActiveCfg = Debug|Any CPU
		{0EF69F36-1548-48E5-8E57-D387794C4349}.Debug|Any CPU.Build.0 = Debug|Any CPU
		{0EF69F36-1548-48E5-8E57-D387794C4349}.Release|Any CPU.ActiveCfg = Release|Any CPU
		{0EF69F36-1548-48E5-8E57-D387794C4349}.Release|Any CPU.Build.0 = Release|Any CPU
		{3F725F9A-1EA5-4CFA-AC00-EE2DB419F557}.Debug|Any CPU.ActiveCfg = Debug|Any CPU
		{3F725F9A-1EA5-4CFA-AC00-EE2DB419F557}.Debug|Any CPU.Build.0 = Debug|Any CPU
		{3F725F9A-1EA5-4CFA-AC00-EE2DB419F557}.Release|Any CPU.ActiveCfg = Release|Any CPU
		{3F725F9A-1EA5-4CFA-AC00-EE2DB419F557}.Release|Any CPU.Build.0 = Release|Any CPU
	EndGlobalSection
	GlobalSection(SolutionProperties) = preSolution
		HideSolutionNode = FALSE
	EndGlobalSection
	GlobalSection(ExtensibilityGlobals) = postSolution
		SolutionGuid = {2E0B3542-53EB-4691-86A1-FF5B9B009EAD}
	EndGlobalSection
EndGlobal
